
Microsoft Visual Studio Solution File, Format Version 12.00
# Visual Studio Version 17
VisualStudioVersion = 17.1.32319.34
MinimumVisualStudioVersion = 10.0.40219.1
Project("{9A19103F-16F7-4668-BE54-9A1E7A4F7556}") = "Loja.API", "Loja.API.csproj", "{6B293EDA-EDE3-4CD3-BA94-EF6BC39ABEF5}"
EndProject
Project("{2150E333-8FDC-42A3-9474-1A3956D46DE8}") = "1-Presentation", "1-Presentation", "{587E2CE6-BF32-42BD-9686-DCA809E683AC}"
EndProject
Project("{2150E333-8FDC-42A3-9474-1A3956D46DE8}") = "2-Domain", "2-Domain", "{AC107D4C-1059-47ED-BD25-734861BA4838}"
EndProject
Project("{2150E333-8FDC-42A3-9474-1A3956D46DE8}") = "3-Infra", "3-Infra", "{1EF21218-904B-4C5F-8CA7-DEFB3273C09D}"
EndProject
Project("{2150E333-8FDC-42A3-9474-1A3956D46DE8}") = "4-Service", "4-Service", "{CE1441A8-2B29-4861-A5DE-52399E534952}"
EndProject
Project("{2150E333-8FDC-42A3-9474-1A3956D46DE8}") = "5-Tests", "5-Tests", "{1642D2F3-C812-49F9-B486-6C610CB74800}"
EndProject
Project("{9A19103F-16F7-4668-BE54-9A1E7A4F7556}") = "Loja.Domain", "..\Loja.Domain\Loja.Domain.csproj", "{059F66EF-A933-456F-9DB2-C03AA0D3F47F}"
EndProject
Project("{9A19103F-16F7-4668-BE54-9A1E7A4F7556}") = "Loja.Infra.Data", "..\Loja.Infra.Data\Loja.Infra.Data.csproj", "{1C515275-87E9-4243-8788-0E8015BC9236}"
EndProject
Project("{9A19103F-16F7-4668-BE54-9A1E7A4F7556}") = "Loja.Service", "..\Loja.Service\Loja.Service.csproj", "{12BE3D16-BA52-4029-91BE-AE0AF468BABB}"
EndProject
Project("{FAE04EC0-301F-11D3-BF4B-00C04F79EFBC}") = "Loja.Service.External", "..\Loja.Service.External\Loja.Service.External.csproj", "{C552B8AF-A7FB-4F1B-9730-AC5C881FDB60}"
EndProject
Project("{2150E333-8FDC-42A3-9474-1A3956D46DE8}") = "0-Uteis", "0-Uteis", "{66BE683E-D15B-4EE2-AE9A-DC9FE3E55FE3}"
EndProject
Project("{FAE04EC0-301F-11D3-BF4B-00C04F79EFBC}") = "Loja.Uteis", "..\Loja.Uteis\Loja.Uteis.csproj", "{F525E397-3122-4007-9E46-F11BB27B3109}"
EndProject
Global
	GlobalSection(SolutionConfigurationPlatforms) = preSolution
		Debug|Any CPU = Debug|Any CPU
		Release|Any CPU = Release|Any CPU
	EndGlobalSection
	GlobalSection(ProjectConfigurationPlatforms) = postSolution
		{6B293EDA-EDE3-4CD3-BA94-EF6BC39ABEF5}.Debug|Any CPU.ActiveCfg = Debug|Any CPU
		{6B293EDA-EDE3-4CD3-BA94-EF6BC39ABEF5}.Debug|Any CPU.Build.0 = Debug|Any CPU
		{6B293EDA-EDE3-4CD3-BA94-EF6BC39ABEF5}.Release|Any CPU.ActiveCfg = Release|Any CPU
		{6B293EDA-EDE3-4CD3-BA94-EF6BC39ABEF5}.Release|Any CPU.Build.0 = Release|Any CPU
		{059F66EF-A933-456F-9DB2-C03AA0D3F47F}.Debug|Any CPU.ActiveCfg = Debug|Any CPU
		{059F66EF-A933-456F-9DB2-C03AA0D3F47F}.Debug|Any CPU.Build.0 = Debug|Any CPU
		{059F66EF-A933-456F-9DB2-C03AA0D3F47F}.Release|Any CPU.ActiveCfg = Release|Any CPU
		{059F66EF-A933-456F-9DB2-C03AA0D3F47F}.Release|Any CPU.Build.0 = Release|Any CPU
		{1C515275-87E9-4243-8788-0E8015BC9236}.Debug|Any CPU.ActiveCfg = Debug|Any CPU
		{1C515275-87E9-4243-8788-0E8015BC9236}.Debug|Any CPU.Build.0 = Debug|Any CPU
		{1C515275-87E9-4243-8788-0E8015BC9236}.Release|Any CPU.ActiveCfg = Release|Any CPU
		{1C515275-87E9-4243-8788-0E8015BC9236}.Release|Any CPU.Build.0 = Release|Any CPU
		{12BE3D16-BA52-4029-91BE-AE0AF468BABB}.Debug|Any CPU.ActiveCfg = Debug|Any CPU
		{12BE3D16-BA52-4029-91BE-AE0AF468BABB}.Debug|Any CPU.Build.0 = Debug|Any CPU
		{12BE3D16-BA52-4029-91BE-AE0AF468BABB}.Release|Any CPU.ActiveCfg = Release|Any CPU
		{12BE3D16-BA52-4029-91BE-AE0AF468BABB}.Release|Any CPU.Build.0 = Release|Any CPU
		{C552B8AF-A7FB-4F1B-9730-AC5C881FDB60}.Debug|Any CPU.ActiveCfg = Debug|Any CPU
		{C552B8AF-A7FB-4F1B-9730-AC5C881FDB60}.Debug|Any CPU.Build.0 = Debug|Any CPU
		{C552B8AF-A7FB-4F1B-9730-AC5C881FDB60}.Release|Any CPU.ActiveCfg = Release|Any CPU
		{C552B8AF-A7FB-4F1B-9730-AC5C881FDB60}.Release|Any CPU.Build.0 = Release|Any CPU
		{F525E397-3122-4007-9E46-F11BB27B3109}.Debug|Any CPU.ActiveCfg = Debug|Any CPU
		{F525E397-3122-4007-9E46-F11BB27B3109}.Debug|Any CPU.Build.0 = Debug|Any CPU
		{F525E397-3122-4007-9E46-F11BB27B3109}.Release|Any CPU.ActiveCfg = Release|Any CPU
		{F525E397-3122-4007-9E46-F11BB27B3109}.Release|Any CPU.Build.0 = Release|Any CPU
	EndGlobalSection
	GlobalSection(SolutionProperties) = preSolution
		HideSolutionNode = FALSE
	EndGlobalSection
	GlobalSection(NestedProjects) = preSolution
		{6B293EDA-EDE3-4CD3-BA94-EF6BC39ABEF5} = {587E2CE6-BF32-42BD-9686-DCA809E683AC}
		{059F66EF-A933-456F-9DB2-C03AA0D3F47F} = {AC107D4C-1059-47ED-BD25-734861BA4838}
		{1C515275-87E9-4243-8788-0E8015BC9236} = {1EF21218-904B-4C5F-8CA7-DEFB3273C09D}
		{12BE3D16-BA52-4029-91BE-AE0AF468BABB} = {CE1441A8-2B29-4861-A5DE-52399E534952}
		{C552B8AF-A7FB-4F1B-9730-AC5C881FDB60} = {CE1441A8-2B29-4861-A5DE-52399E534952}
		{F525E397-3122-4007-9E46-F11BB27B3109} = {66BE683E-D15B-4EE2-AE9A-DC9FE3E55FE3}
	EndGlobalSection
	GlobalSection(ExtensibilityGlobals) = postSolution
		SolutionGuid = {BEEEE8BD-060B-4D2C-A9CC-0A1558AA6B62}
	EndGlobalSection
EndGlobal
